
Microsoft Visual Studio Solution File, Format Version 12.00
# Visual Studio 15
VisualStudioVersion = 15.0.28307.1062
MinimumVisualStudioVersion = 10.0.40219.1
Project("{FAE04EC0-301F-11D3-BF4B-00C04F79EFBC}") = "Match3FighterServer", "MatchServer\Match3FighterServer.csproj", "{0B672B99-0F10-44FB-A9E9-2EA79F256C7E}"
EndProject
Project("{FAE04EC0-301F-11D3-BF4B-00C04F79EFBC}") = "NetworkShared", "NetworkShared\NetworkShared.csproj", "{A677851A-A55A-4B31-B615-459FCD39E1E8}"
EndProject
Global
	GlobalSection(SolutionConfigurationPlatforms) = preSolution
		Debug|Any CPU = Debug|Any CPU
		Release|Any CPU = Release|Any CPU
	EndGlobalSection
	GlobalSection(ProjectConfigurationPlatforms) = postSolution
		{0B672B99-0F10-44FB-A9E9-2EA79F256C7E}.Debug|Any CPU.ActiveCfg = Debug|Any CPU
		{0B672B99-0F10-44FB-A9E9-2EA79F256C7E}.Debug|Any CPU.Build.0 = Debug|Any CPU
		{0B672B99-0F10-44FB-A9E9-2EA79F256C7E}.Release|Any CPU.ActiveCfg = Release|Any CPU
		{0B672B99-0F10-44FB-A9E9-2EA79F256C7E}.Release|Any CPU.Build.0 = Release|Any CPU
		{A677851A-A55A-4B31-B615-459FCD39E1E8}.Debug|Any CPU.ActiveCfg = Debug|Any CPU
		{A677851A-A55A-4B31-B615-459FCD39E1E8}.Debug|Any CPU.Build.0 = Debug|Any CPU
		{A677851A-A55A-4B31-B615-459FCD39E1E8}.Release|Any CPU.ActiveCfg = Release|Any CPU
		{A677851A-A55A-4B31-B615-459FCD39E1E8}.Release|Any CPU.Build.0 = Release|Any CPU
	EndGlobalSection
	GlobalSection(SolutionProperties) = preSolution
		HideSolutionNode = FALSE
	EndGlobalSection
	GlobalSection(ExtensibilityGlobals) = postSolution
		SolutionGuid = {E150AB2E-FEBB-4DCA-903B-CDD8C0E6C87F}
	EndGlobalSection
EndGlobal
